
Microsoft Visual Studio Solution File, Format Version 12.00
# Visual Studio Version 17
VisualStudioVersion = 17.14.36212.18 d17.14
MinimumVisualStudioVersion = 10.0.40219.1
Project("{FAE04EC0-301F-11D3-BF4B-00C04F79EFBC}") = "ConsoleApp1", "ConsoleApp1\ConsoleApp1.csproj", "{30CC5414-FDE2-44AC-BE56-EADC07B592DE}"
EndProject
Global
	GlobalSection(SolutionConfigurationPlatforms) = preSolution
		Debug|Any CPU = Debug|Any CPU
		Release|Any CPU = Release|Any CPU
	EndGlobalSection
	GlobalSection(ProjectConfigurationPlatforms) = postSolution
		{30CC5414-FDE2-44AC-BE56-EADC07B592DE}.Debug|Any CPU.ActiveCfg = Debug|Any CPU
		{30CC5414-FDE2-44AC-BE56-EADC07B592DE}.Debug|Any CPU.Build.0 = Debug|Any CPU
		{30CC5414-FDE2-44AC-BE56-EADC07B592DE}.Release|Any CPU.ActiveCfg = Release|Any CPU
		{30CC5414-FDE2-44AC-BE56-EADC07B592DE}.Release|Any CPU.Build.0 = Release|Any CPU
	EndGlobalSection
	GlobalSection(SolutionProperties) = preSolution
		HideSolutionNode = FALSE
	EndGlobalSection
	GlobalSection(ExtensibilityGlobals) = postSolution
		SolutionGuid = {5B96F66A-0E89-4B06-BBD4-EC187948F0FB}
	EndGlobalSection
EndGlobal
